// !$*UTF8*$!
{
	archiveVersion = 1;
	classes = {
	};
	objectVersion = 46;
	objects = {

/* Begin PBXBuildFile section */
		C2B571431B36387200C33B7E /* AppDelegate.swift in Sources */ = {isa = PBXBuildFile; fileRef = C2B571421B36387200C33B7E /* AppDelegate.swift */; };
		C2B571451B36387200C33B7E /* FirstViewController.swift in Sources */ = {isa = PBXBuildFile; fileRef = C2B571441B36387200C33B7E /* FirstViewController.swift */; };
		C2B5714A1B36387200C33B7E /* Main.storyboard in Resources */ = {isa = PBXBuildFile; fileRef = C2B571481B36387200C33B7E /* Main.storyboard */; };
		C2B5714C1B36387200C33B7E /* Images.xcassets in Resources */ = {isa = PBXBuildFile; fileRef = C2B5714B1B36387200C33B7E /* Images.xcassets */; };
		C2B5714F1B36387200C33B7E /* LaunchScreen.xib in Resources */ = {isa = PBXBuildFile; fileRef = C2B5714D1B36387200C33B7E /* LaunchScreen.xib */; };
		C2B5715B1B36387200C33B7E /* DrinkListTests.swift in Sources */ = {isa = PBXBuildFile; fileRef = C2B5715A1B36387200C33B7E /* DrinkListTests.swift */; };
		C2B571651B363B6800C33B7E /* PersonalCollectionController.swift in Sources */ = {isa = PBXBuildFile; fileRef = C2B571641B363B6800C33B7E /* PersonalCollectionController.swift */; };
		C2B5716B1B36496D00C33B7E /* RDCell.swift in Sources */ = {isa = PBXBuildFile; fileRef = C2B5716A1B36496D00C33B7E /* RDCell.swift */; };
/* End PBXBuildFile section */

/* Begin PBXContainerItemProxy section */
		C2B571551B36387200C33B7E /* PBXContainerItemProxy */ = {
			isa = PBXContainerItemProxy;
			containerPortal = C2B571351B36387200C33B7E /* Project object */;
			proxyType = 1;
			remoteGlobalIDString = C2B5713C1B36387200C33B7E;
			remoteInfo = DrinkList;
		};
/* End PBXContainerItemProxy section */

/* Begin PBXFileReference section */
		C2B5713D1B36387200C33B7E /* DrinkList.app */ = {isa = PBXFileReference; explicitFileType = wrapper.application; includeInIndex = 0; path = DrinkList.app; sourceTree = BUILT_PRODUCTS_DIR; };
		C2B571411B36387200C33B7E /* Info.plist */ = {isa = PBXFileReference; lastKnownFileType = text.plist.xml; path = Info.plist; sourceTree = "<group>"; };
		C2B571421B36387200C33B7E /* AppDelegate.swift */ = {isa = PBXFileReference; lastKnownFileType = sourcecode.swift; path = AppDelegate.swift; sourceTree = "<group>"; };
		C2B571441B36387200C33B7E /* FirstViewController.swift */ = {isa = PBXFileReference; lastKnownFileType = sourcecode.swift; path = FirstViewController.swift; sourceTree = "<group>"; };
		C2B571491B36387200C33B7E /* Base */ = {isa = PBXFileReference; lastKnownFileType = file.storyboard; name = Base; path = Base.lproj/Main.storyboard; sourceTree = "<group>"; };
		C2B5714B1B36387200C33B7E /* Images.xcassets */ = {isa = PBXFileReference; lastKnownFileType = folder.assetcatalog; path = Images.xcassets; sourceTree = "<group>"; };
		C2B5714E1B36387200C33B7E /* Base */ = {isa = PBXFileReference; lastKnownFileType = file.xib; name = Base; path = Base.lproj/LaunchScreen.xib; sourceTree = "<group>"; };
		C2B571541B36387200C33B7E /* DrinkListTests.xctest */ = {isa = PBXFileReference; explicitFileType = wrapper.cfbundle; includeInIndex = 0; path = DrinkListTests.xctest; sourceTree = BUILT_PRODUCTS_DIR; };
		C2B571591B36387200C33B7E /* Info.plist */ = {isa = PBXFileReference; lastKnownFileType = text.plist.xml; path = Info.plist; sourceTree = "<group>"; };
		C2B5715A1B36387200C33B7E /* DrinkListTests.swift */ = {isa = PBXFileReference; lastKnownFileType = sourcecode.swift; path = DrinkListTests.swift; sourceTree = "<group>"; };
		C2B571641B363B6800C33B7E /* PersonalCollectionController.swift */ = {isa = PBXFileReference; fileEncoding = 4; lastKnownFileType = sourcecode.swift; path = PersonalCollectionController.swift; sourceTree = "<group>"; };
		C2B5716A1B36496D00C33B7E /* RDCell.swift */ = {isa = PBXFileReference; fileEncoding = 4; lastKnownFileType = sourcecode.swift; path = RDCell.swift; sourceTree = "<group>"; };
/* End PBXFileReference section */

/* Begin PBXFrameworksBuildPhase section */
		C2B5713A1B36387200C33B7E /* Frameworks */ = {
			isa = PBXFrameworksBuildPhase;
			buildActionMask = 2147483647;
			files = (
			);
			runOnlyForDeploymentPostprocessing = 0;
		};
		C2B571511B36387200C33B7E /* Frameworks */ = {
			isa = PBXFrameworksBuildPhase;
			buildActionMask = 2147483647;
			files = (
			);
			runOnlyForDeploymentPostprocessing = 0;
		};
/* End PBXFrameworksBuildPhase section */

/* Begin PBXGroup section */
		C2B571341B36387200C33B7E = {
			isa = PBXGroup;
			children = (
				C2B5713F1B36387200C33B7E /* DrinkList */,
				C2B571571B36387200C33B7E /* DrinkListTests */,
				C2B5713E1B36387200C33B7E /* Products */,
			);
			sourceTree = "<group>";
		};
		C2B5713E1B36387200C33B7E /* Products */ = {
			isa = PBXGroup;
			children = (
				C2B5713D1B36387200C33B7E /* DrinkList.app */,
				C2B571541B36387200C33B7E /* DrinkListTests.xctest */,
			);
			name = Products;
			sourceTree = "<group>";
		};
		C2B5713F1B36387200C33B7E /* DrinkList */ = {
			isa = PBXGroup;
			children = (
				C2B5716A1B36496D00C33B7E /* RDCell.swift */,
				C2B571641B363B6800C33B7E /* PersonalCollectionController.swift */,
				C2B571421B36387200C33B7E /* AppDelegate.swift */,
				C2B571441B36387200C33B7E /* FirstViewController.swift */,
				C2B571481B36387200C33B7E /* Main.storyboard */,
				C2B5714B1B36387200C33B7E /* Images.xcassets */,
				C2B5714D1B36387200C33B7E /* LaunchScreen.xib */,
				C2B571401B36387200C33B7E /* Supporting Files */,
			);
			path = DrinkList;
			sourceTree = "<group>";
		};
		C2B571401B36387200C33B7E /* Supporting Files */ = {
			isa = PBXGroup;
			children = (
				C2B571411B36387200C33B7E /* Info.plist */,
			);
			name = "Supporting Files";
			sourceTree = "<group>";
		};
		C2B571571B36387200C33B7E /* DrinkListTests */ = {
			isa = PBXGroup;
			children = (
				C2B5715A1B36387200C33B7E /* DrinkListTests.swift */,
				C2B571581B36387200C33B7E /* Supporting Files */,
			);
			path = DrinkListTests;
			sourceTree = "<group>";
		};
		C2B571581B36387200C33B7E /* Supporting Files */ = {
			isa = PBXGroup;
			children = (
				C2B571591B36387200C33B7E /* Info.plist */,
			);
			name = "Supporting Files";
			sourceTree = "<group>";
		};
/* End PBXGroup section */

/* Begin PBXNativeTarget section */
		C2B5713C1B36387200C33B7E /* DrinkList */ = {
			isa = PBXNativeTarget;
			buildConfigurationList = C2B5715E1B36387200C33B7E /* Build configuration list for PBXNativeTarget "DrinkList" */;
			buildPhases = (
				C2B571391B36387200C33B7E /* Sources */,
				C2B5713A1B36387200C33B7E /* Frameworks */,
				C2B5713B1B36387200C33B7E /* Resources */,
			);
			buildRules = (
			);
			dependencies = (
			);
			name = DrinkList;
			productName = DrinkList;
			productReference = C2B5713D1B36387200C33B7E /* DrinkList.app */;
			productType = "com.apple.product-type.application";
		};
		C2B571531B36387200C33B7E /* DrinkListTests */ = {
			isa = PBXNativeTarget;
			buildConfigurationList = C2B571611B36387200C33B7E /* Build configuration list for PBXNativeTarget "DrinkListTests" */;
			buildPhases = (
				C2B571501B36387200C33B7E /* Sources */,
				C2B571511B36387200C33B7E /* Frameworks */,
				C2B571521B36387200C33B7E /* Resources */,
			);
			buildRules = (
			);
			dependencies = (
				C2B571561B36387200C33B7E /* PBXTargetDependency */,
			);
			name = DrinkListTests;
			productName = DrinkListTests;
			productReference = C2B571541B36387200C33B7E /* DrinkListTests.xctest */;
			productType = "com.apple.product-type.bundle.unit-test";
		};
/* End PBXNativeTarget section */

/* Begin PBXProject section */
		C2B571351B36387200C33B7E /* Project object */ = {
			isa = PBXProject;
			attributes = {
				LastUpgradeCheck = 0630;
				ORGANIZATIONNAME = "Joaquin Castro-Calvo";
				TargetAttributes = {
					C2B5713C1B36387200C33B7E = {
						CreatedOnToolsVersion = 6.3.2;
					};
					C2B571531B36387200C33B7E = {
						CreatedOnToolsVersion = 6.3.2;
						TestTargetID = C2B5713C1B36387200C33B7E;
					};
				};
			};
			buildConfigurationList = C2B571381B36387200C33B7E /* Build configuration list for PBXProject "DrinkList" */;
			compatibilityVersion = "Xcode 3.2";
			developmentRegion = English;
			hasScannedForEncodings = 0;
			knownRegions = (
				en,
				Base,
			);
			mainGroup = C2B571341B36387200C33B7E;
			productRefGroup = C2B5713E1B36387200C33B7E /* Products */;
			projectDirPath = "";
			projectRoot = "";
			targets = (
				C2B5713C1B36387200C33B7E /* DrinkList */,
				C2B571531B36387200C33B7E /* DrinkListTests */,
			);
		};
/* End PBXProject section */

/* Begin PBXResourcesBuildPhase section */
		C2B5713B1B36387200C33B7E /* Resources */ = {
			isa = PBXResourcesBuildPhase;
			buildActionMask = 2147483647;
			files = (
				C2B5714A1B36387200C33B7E /* Main.storyboard in Resources */,
				C2B5714F1B36387200C33B7E /* LaunchScreen.xib in Resources */,
				C2B5714C1B36387200C33B7E /* Images.xcassets in Resources */,
			);
			runOnlyForDeploymentPostprocessing = 0;
		};
		C2B571521B36387200C33B7E /* Resources */ = {
			isa = PBXResourcesBuildPhase;
			buildActionMask = 2147483647;
			files = (
			);
			runOnlyForDeploymentPostprocessing = 0;
		};
/* End PBXResourcesBuildPhase section */

/* Begin PBXSourcesBuildPhase section */
		C2B571391B36387200C33B7E /* Sources */ = {
			isa = PBXSourcesBuildPhase;
			buildActionMask = 2147483647;
			files = (
				C2B571431B36387200C33B7E /* AppDelegate.swift in Sources */,
				C2B5716B1B36496D00C33B7E /* RDCell.swift in Sources */,
				C2B571651B363B6800C33B7E /* PersonalCollectionController.swift in Sources */,
				C2B571451B36387200C33B7E /* FirstViewController.swift in Sources */,
			);
			runOnlyForDeploymentPostprocessing = 0;
		};
		C2B571501B36387200C33B7E /* Sources */ = {
			isa = PBXSourcesBuildPhase;
			buildActionMask = 2147483647;
			files = (
				C2B5715B1B36387200C33B7E /* DrinkListTests.swift in Sources */,
			);
			runOnlyForDeploymentPostprocessing = 0;
		};
/* End PBXSourcesBuildPhase section */

/* Begin PBXTargetDependency section */
		C2B571561B36387200C33B7E /* PBXTargetDependency */ = {
			isa = PBXTargetDependency;
			target = C2B5713C1B36387200C33B7E /* DrinkList */;
			targetProxy = C2B571551B36387200C33B7E /* PBXContainerItemProxy */;
		};
/* End PBXTargetDependency section */

/* Begin PBXVariantGroup section */
		C2B571481B36387200C33B7E /* Main.storyboard */ = {
			isa = PBXVariantGroup;
			children = (
				C2B571491B36387200C33B7E /* Base */,
			);
			name = Main.storyboard;
			sourceTree = "<group>";
		};
		C2B5714D1B36387200C33B7E /* LaunchScreen.xib */ = {
			isa = PBXVariantGroup;
			children = (
				C2B5714E1B36387200C33B7E /* Base */,
			);
			name = LaunchScreen.xib;
			sourceTree = "<group>";
		};
/* End PBXVariantGroup section */

/* Begin XCBuildConfiguration section */
		C2B5715C1B36387200C33B7E /* Debug */ = {
			isa = XCBuildConfiguration;
			buildSettings = {
				ALWAYS_SEARCH_USER_PATHS = NO;
				CLANG_CXX_LANGUAGE_STANDARD = "gnu++0x";
				CLANG_CXX_LIBRARY = "libc++";
				CLANG_ENABLE_MODULES = YES;
				CLANG_ENABLE_OBJC_ARC = YES;
				CLANG_WARN_BOOL_CONVERSION = YES;
				CLANG_WARN_CONSTANT_CONVERSION = YES;
				CLANG_WARN_DIRECT_OBJC_ISA_USAGE = YES_ERROR;
				CLANG_WARN_EMPTY_BODY = YES;
				CLANG_WARN_ENUM_CONVERSION = YES;
				CLANG_WARN_INT_CONVERSION = YES;
				CLANG_WARN_OBJC_ROOT_CLASS = YES_ERROR;
				CLANG_WARN_UNREACHABLE_CODE = YES;
				CLANG_WARN__DUPLICATE_METHOD_MATCH = YES;
				"CODE_SIGN_IDENTITY[sdk=iphoneos*]" = "iPhone Developer";
				COPY_PHASE_STRIP = NO;
				DEBUG_INFORMATION_FORMAT = "dwarf-with-dsym";
				ENABLE_STRICT_OBJC_MSGSEND = YES;
				GCC_C_LANGUAGE_STANDARD = gnu99;
				GCC_DYNAMIC_NO_PIC = NO;
				GCC_NO_COMMON_BLOCKS = YES;
				GCC_OPTIMIZATION_LEVEL = 0;
				GCC_PREPROCESSOR_DEFINITIONS = (
					"DEBUG=1",
					"$(inherited)",
				);
				GCC_SYMBOLS_PRIVATE_EXTERN = NO;
				GCC_WARN_64_TO_32_BIT_CONVERSION = YES;
				GCC_WARN_ABOUT_RETURN_TYPE = YES_ERROR;
				GCC_WARN_UNDECLARED_SELECTOR = YES;
				GCC_WARN_UNINITIALIZED_AUTOS = YES_AGGRESSIVE;
				GCC_WARN_UNUSED_FUNCTION = YES;
				GCC_WARN_UNUSED_VARIABLE = YES;
				IPHONEOS_DEPLOYMENT_TARGET = 8.3;
				MTL_ENABLE_DEBUG_INFO = YES;
				ONLY_ACTIVE_ARCH = YES;
				SDKROOT = iphoneos;
				SWIFT_OPTIMIZATION_LEVEL = "-Onone";
			};
			name = Debug;
		};
		C2B5715D1B36387200C33B7E /* Release */ = {
			isa = XCBuildConfiguration;
			buildSettings = {
				ALWAYS_SEARCH_USER_PATHS = NO;
				CLANG_CXX_LANGUAGE_STANDARD = "gnu++0x";
				CLANG_CXX_LIBRARY = "libc++";
				CLANG_ENABLE_MODULES = YES;
				CLANG_ENABLE_OBJC_ARC = YES;
				CLANG_WARN_BOOL_CONVERSION = YES;
				CLANG_WARN_CONSTANT_CONVERSION = YES;
				CLANG_WARN_DIRECT_OBJC_ISA_USAGE = YES_ERROR;
				CLANG_WARN_EMPTY_BODY = YES;
				CLANG_WARN_ENUM_CONVERSION = YES;
				CLANG_WARN_INT_CONVERSION = YES;
				CLANG_WARN_OBJC_ROOT_CLASS = YES_ERROR;
				CLANG_WARN_UNREACHABLE_CODE = YES;
				CLANG_WARN__DUPLICATE_METHOD_MATCH = YES;
				"CODE_SIGN_IDENTITY[sdk=iphoneos*]" = "iPhone Developer";
				COPY_PHASE_STRIP = NO;
				DEBUG_INFORMATION_FORMAT = "dwarf-with-dsym";
				ENABLE_NS_ASSERTIONS = NO;
				ENABLE_STRICT_OBJC_MSGSEND = YES;
				GCC_C_LANGUAGE_STANDARD = gnu99;
				GCC_NO_COMMON_BLOCKS = YES;
				GCC_WARN_64_TO_32_BIT_CONVERSION = YES;
				GCC_WARN_ABOUT_RETURN_TYPE = YES_ERROR;
				GCC_WARN_UNDECLARED_SELECTOR = YES;
				GCC_WARN_UNINITIALIZED_AUTOS = YES_AGGRESSIVE;
				GCC_WARN_UNUSED_FUNCTION = YES;
				GCC_WARN_UNUSED_VARIABLE = YES;
				IPHONEOS_DEPLOYMENT_TARGET = 8.3;
				MTL_ENABLE_DEBUG_INFO = NO;
				SDKROOT = iphoneos;
				VALIDATE_PRODUCT = YES;
			};
			name = Release;
		};
		C2B5715F1B36387200C33B7E /* Debug */ = {
			isa = XCBuildConfiguration;
			buildSettings = {
				ASSETCATALOG_COMPILER_APPICON_NAME = AppIcon;
				INFOPLIST_FILE = DrinkList/Info.plist;
				LD_RUNPATH_SEARCH_PATHS = "$(inherited) @executable_path/Frameworks";
				PRODUCT_NAME = "$(TARGET_NAME)";
			};
			name = Debug;
		};
		C2B571601B36387200C33B7E /* Release */ = {
			isa = XCBuildConfiguration;
			buildSettings = {
				ASSETCATALOG_COMPILER_APPICON_NAME = AppIcon;
				INFOPLIST_FILE = DrinkList/Info.plist;
				LD_RUNPATH_SEARCH_PATHS = "$(inherited) @executable_path/Frameworks";
				PRODUCT_NAME = "$(TARGET_NAME)";
			};
			name = Release;
		};
		C2B571621B36387200C33B7E /* Debug */ = {
			isa = XCBuildConfiguration;
			buildSettings = {
				BUNDLE_LOADER = "$(TEST_HOST)";
				FRAMEWORK_SEARCH_PATHS = (
					"$(SDKROOT)/Developer/Library/Frameworks",
					"$(inherited)",
				);
				GCC_PREPROCESSOR_DEFINITIONS = (
					"DEBUG=1",
					"$(inherited)",
				);
				INFOPLIST_FILE = DrinkListTests/Info.plist;
				LD_RUNPATH_SEARCH_PATHS = "$(inherited) @executable_path/Frameworks @loader_path/Frameworks";
				PRODUCT_NAME = "$(TARGET_NAME)";
				TEST_HOST = "$(BUILT_PRODUCTS_DIR)/DrinkList.app/DrinkList";
			};
			name = Debug;
		};
		C2B571631B36387200C33B7E /* Release */ = {
			isa = XCBuildConfiguration;
			buildSettings = {
				BUNDLE_LOADER = "$(TEST_HOST)";
				FRAMEWORK_SEARCH_PATHS = (
					"$(SDKROOT)/Developer/Library/Frameworks",
					"$(inherited)",
				);
				INFOPLIST_FILE = DrinkListTests/Info.plist;
				LD_RUNPATH_SEARCH_PATHS = "$(inherited) @executable_path/Frameworks @loader_path/Frameworks";
				PRODUCT_NAME = "$(TARGET_NAME)";
				TEST_HOST = "$(BUILT_PRODUCTS_DIR)/DrinkList.app/DrinkList";
			};
			name = Release;
		};
/* End XCBuildConfiguration section */

/* Begin XCConfigurationList section */
		C2B571381B36387200C33B7E /* Build configuration list for PBXProject "DrinkList" */ = {
			isa = XCConfigurationList;
			buildConfigurations = (
				C2B5715C1B36387200C33B7E /* Debug */,
				C2B5715D1B36387200C33B7E /* Release */,
			);
			defaultConfigurationIsVisible = 0;
			defaultConfigurationName = Release;
		};
		C2B5715E1B36387200C33B7E /* Build configuration list for PBXNativeTarget "DrinkList" */ = {
			isa = XCConfigurationList;
			buildConfigurations = (
				C2B5715F1B36387200C33B7E /* Debug */,
				C2B571601B36387200C33B7E /* Release */,
			);
			defaultConfigurationIsVisible = 0;
		};
		C2B571611B36387200C33B7E /* Build configuration list for PBXNativeTarget "DrinkListTests" */ = {
			isa = XCConfigurationList;
			buildConfigurations = (
				C2B571621B36387200C33B7E /* Debug */,
				C2B571631B36387200C33B7E /* Release */,
			);
			defaultConfigurationIsVisible = 0;
		};
/* End XCConfigurationList section */
	};
	rootObject = C2B571351B36387200C33B7E /* Project object */;
}
